
Microsoft Visual Studio Solution File, Format Version 12.00
# Visual Studio Version 16
VisualStudioVersion = 16.0.31025.194
MinimumVisualStudioVersion = 10.0.40219.1
Project("{FAE04EC0-301F-11D3-BF4B-00C04F79EFBC}") = "UnitSpriteStudio", "UnitSpriteStudio\UnitSpriteStudio.csproj", "{72F64E51-69E2-42B9-9D4C-83F2B7196C44}"
EndProject
Global
	GlobalSection(SolutionConfigurationPlatforms) = preSolution
		Debug|Any CPU = Debug|Any CPU
		Release|Any CPU = Release|Any CPU
	EndGlobalSection
	GlobalSection(ProjectConfigurationPlatforms) = postSolution
		{72F64E51-69E2-42B9-9D4C-83F2B7196C44}.Debug|Any CPU.ActiveCfg = Debug|Any CPU
		{72F64E51-69E2-42B9-9D4C-83F2B7196C44}.Debug|Any CPU.Build.0 = Debug|Any CPU
		{72F64E51-69E2-42B9-9D4C-83F2B7196C44}.Release|Any CPU.ActiveCfg = Release|Any CPU
		{72F64E51-69E2-42B9-9D4C-83F2B7196C44}.Release|Any CPU.Build.0 = Release|Any CPU
	EndGlobalSection
	GlobalSection(SolutionProperties) = preSolution
		HideSolutionNode = FALSE
	EndGlobalSection
	GlobalSection(ExtensibilityGlobals) = postSolution
		SolutionGuid = {DA88733B-4AAF-4AC5-9EB1-CC5BE5D2F01C}
	EndGlobalSection
EndGlobal
